
Microsoft Visual Studio Solution File, Format Version 12.00
# Visual Studio Version 17
VisualStudioVersion = 17.5.002.0
MinimumVisualStudioVersion = 10.0.40219.1
Project("{9A19103F-16F7-4668-BE54-9A1E7A4F7556}") = "Projeto Oftomologia", "Projeto Oftomologia.csproj", "{09CD2311-10B8-45E0-819D-6198A1491DE3}"
EndProject
Global
	GlobalSection(SolutionConfigurationPlatforms) = preSolution
		Debug|Any CPU = Debug|Any CPU
		Release|Any CPU = Release|Any CPU
	EndGlobalSection
	GlobalSection(ProjectConfigurationPlatforms) = postSolution
		{09CD2311-10B8-45E0-819D-6198A1491DE3}.Debug|Any CPU.ActiveCfg = Debug|Any CPU
		{09CD2311-10B8-45E0-819D-6198A1491DE3}.Debug|Any CPU.Build.0 = Debug|Any CPU
		{09CD2311-10B8-45E0-819D-6198A1491DE3}.Release|Any CPU.ActiveCfg = Release|Any CPU
		{09CD2311-10B8-45E0-819D-6198A1491DE3}.Release|Any CPU.Build.0 = Release|Any CPU
	EndGlobalSection
	GlobalSection(SolutionProperties) = preSolution
		HideSolutionNode = FALSE
	EndGlobalSection
	GlobalSection(ExtensibilityGlobals) = postSolution
		SolutionGuid = {93344140-2553-49BB-96D3-CA65806029F5}
	EndGlobalSection
EndGlobal
